
Microsoft Visual Studio Solution File, Format Version 12.00
# Visual Studio Version 17
VisualStudioVersion = 17.3.32825.248
MinimumVisualStudioVersion = 10.0.40219.1
Project("{FAE04EC0-301F-11D3-BF4B-00C04F79EFBC}") = "ConsoleApp4", "ConsoleApp4.csproj", "{BCA3C03C-E072-414F-AEC3-BE822FED123F}"
EndProject
Global
	GlobalSection(SolutionConfigurationPlatforms) = preSolution
		Debug|Any CPU = Debug|Any CPU
		Release|Any CPU = Release|Any CPU
	EndGlobalSection
	GlobalSection(ProjectConfigurationPlatforms) = postSolution
		{BCA3C03C-E072-414F-AEC3-BE822FED123F}.Debug|Any CPU.ActiveCfg = Debug|Any CPU
		{BCA3C03C-E072-414F-AEC3-BE822FED123F}.Debug|Any CPU.Build.0 = Debug|Any CPU
		{BCA3C03C-E072-414F-AEC3-BE822FED123F}.Release|Any CPU.ActiveCfg = Release|Any CPU
		{BCA3C03C-E072-414F-AEC3-BE822FED123F}.Release|Any CPU.Build.0 = Release|Any CPU
	EndGlobalSection
	GlobalSection(SolutionProperties) = preSolution
		HideSolutionNode = FALSE
	EndGlobalSection
	GlobalSection(ExtensibilityGlobals) = postSolution
		SolutionGuid = {C47FCEC3-3C68-4117-8A6A-8E957761E7D3}
	EndGlobalSection
EndGlobal
